
Microsoft Visual Studio Solution File, Format Version 11.00
# Visual Studio 2010
Project("{FAE04EC0-301F-11D3-BF4B-00C04F79EFBC}") = "CarLibrary2", "CarLibrary2\CarLibrary2.csproj", "{5CBFDA04-0752-4C27-A202-751FC0E37B57}"
EndProject
Project("{FAE04EC0-301F-11D3-BF4B-00C04F79EFBC}") = "CSharpCarClient2", "CSharpCarClient2\CSharpCarClient2.csproj", "{CE59BBE1-CC26-433C-8824-19A564F80611}"
EndProject
Global
	GlobalSection(SolutionConfigurationPlatforms) = preSolution
		Debug|Any CPU = Debug|Any CPU
		Debug|Mixed Platforms = Debug|Mixed Platforms
		Debug|x86 = Debug|x86
		Release|Any CPU = Release|Any CPU
		Release|Mixed Platforms = Release|Mixed Platforms
		Release|x86 = Release|x86
	EndGlobalSection
	GlobalSection(ProjectConfigurationPlatforms) = postSolution
		{5CBFDA04-0752-4C27-A202-751FC0E37B57}.Debug|Any CPU.ActiveCfg = Debug|x86
		{5CBFDA04-0752-4C27-A202-751FC0E37B57}.Debug|Mixed Platforms.ActiveCfg = Debug|x86
		{5CBFDA04-0752-4C27-A202-751FC0E37B57}.Debug|Mixed Platforms.Build.0 = Debug|x86
		{5CBFDA04-0752-4C27-A202-751FC0E37B57}.Debug|x86.ActiveCfg = Debug|x86
		{5CBFDA04-0752-4C27-A202-751FC0E37B57}.Debug|x86.Build.0 = Debug|x86
		{5CBFDA04-0752-4C27-A202-751FC0E37B57}.Release|Any CPU.ActiveCfg = Release|x86
		{5CBFDA04-0752-4C27-A202-751FC0E37B57}.Release|Mixed Platforms.ActiveCfg = Release|x86
		{5CBFDA04-0752-4C27-A202-751FC0E37B57}.Release|Mixed Platforms.Build.0 = Release|x86
		{5CBFDA04-0752-4C27-A202-751FC0E37B57}.Release|x86.ActiveCfg = Release|x86
		{5CBFDA04-0752-4C27-A202-751FC0E37B57}.Release|x86.Build.0 = Release|x86
		{CE59BBE1-CC26-433C-8824-19A564F80611}.Debug|Any CPU.ActiveCfg = Debug|x86
		{CE59BBE1-CC26-433C-8824-19A564F80611}.Debug|Mixed Platforms.ActiveCfg = Debug|x86
		{CE59BBE1-CC26-433C-8824-19A564F80611}.Debug|Mixed Platforms.Build.0 = Debug|x86
		{CE59BBE1-CC26-433C-8824-19A564F80611}.Debug|x86.ActiveCfg = Debug|x86
		{CE59BBE1-CC26-433C-8824-19A564F80611}.Debug|x86.Build.0 = Debug|x86
		{CE59BBE1-CC26-433C-8824-19A564F80611}.Release|Any CPU.ActiveCfg = Release|x86
		{CE59BBE1-CC26-433C-8824-19A564F80611}.Release|Mixed Platforms.ActiveCfg = Release|x86
		{CE59BBE1-CC26-433C-8824-19A564F80611}.Release|Mixed Platforms.Build.0 = Release|x86
		{CE59BBE1-CC26-433C-8824-19A564F80611}.Release|x86.ActiveCfg = Release|x86
		{CE59BBE1-CC26-433C-8824-19A564F80611}.Release|x86.Build.0 = Release|x86
	EndGlobalSection
	GlobalSection(SolutionProperties) = preSolution
		HideSolutionNode = FALSE
	EndGlobalSection
EndGlobal
