
Microsoft Visual Studio Solution File, Format Version 11.00
# Visual Studio 2010
Project("{FAE04EC0-301F-11D3-BF4B-00C04F79EFBC}") = "ChelasUIMakerApp", "ChelasUIMakerApp.csproj", "{C79312EA-378F-4695-B8EA-7DE00E2A4EAF}"
EndProject
Project("{FAE04EC0-301F-11D3-BF4B-00C04F79EFBC}") = "ChelasUIMaker.Engine", "..\ChelasUIMaker.Engine\ChelasUIMaker.Engine.csproj", "{042050BA-C709-4F07-9C28-E82408068627}"
EndProject
Project("{FAE04EC0-301F-11D3-BF4B-00C04F79EFBC}") = "ChelasUIMakerCalcApp", "ChelasUIMakerCalcApp\ChelasUIMakerCalcApp.csproj", "{391FD2BC-DB2E-43F1-A151-FCAE2BFF4DBF}"
EndProject
Global
	GlobalSection(SolutionConfigurationPlatforms) = preSolution
		Debug|Any CPU = Debug|Any CPU
		Debug|Mixed Platforms = Debug|Mixed Platforms
		Debug|x86 = Debug|x86
		Release|Any CPU = Release|Any CPU
		Release|Mixed Platforms = Release|Mixed Platforms
		Release|x86 = Release|x86
	EndGlobalSection
	GlobalSection(ProjectConfigurationPlatforms) = postSolution
		{C79312EA-378F-4695-B8EA-7DE00E2A4EAF}.Debug|Any CPU.ActiveCfg = Debug|x86
		{C79312EA-378F-4695-B8EA-7DE00E2A4EAF}.Debug|Mixed Platforms.ActiveCfg = Debug|x86
		{C79312EA-378F-4695-B8EA-7DE00E2A4EAF}.Debug|Mixed Platforms.Build.0 = Debug|x86
		{C79312EA-378F-4695-B8EA-7DE00E2A4EAF}.Debug|x86.ActiveCfg = Debug|x86
		{C79312EA-378F-4695-B8EA-7DE00E2A4EAF}.Debug|x86.Build.0 = Debug|x86
		{C79312EA-378F-4695-B8EA-7DE00E2A4EAF}.Release|Any CPU.ActiveCfg = Release|x86
		{C79312EA-378F-4695-B8EA-7DE00E2A4EAF}.Release|Mixed Platforms.ActiveCfg = Release|x86
		{C79312EA-378F-4695-B8EA-7DE00E2A4EAF}.Release|Mixed Platforms.Build.0 = Release|x86
		{C79312EA-378F-4695-B8EA-7DE00E2A4EAF}.Release|x86.ActiveCfg = Release|x86
		{C79312EA-378F-4695-B8EA-7DE00E2A4EAF}.Release|x86.Build.0 = Release|x86
		{042050BA-C709-4F07-9C28-E82408068627}.Debug|Any CPU.ActiveCfg = Debug|Any CPU
		{042050BA-C709-4F07-9C28-E82408068627}.Debug|Any CPU.Build.0 = Debug|Any CPU
		{042050BA-C709-4F07-9C28-E82408068627}.Debug|Mixed Platforms.ActiveCfg = Debug|Any CPU
		{042050BA-C709-4F07-9C28-E82408068627}.Debug|Mixed Platforms.Build.0 = Debug|Any CPU
		{042050BA-C709-4F07-9C28-E82408068627}.Debug|x86.ActiveCfg = Debug|Any CPU
		{042050BA-C709-4F07-9C28-E82408068627}.Release|Any CPU.ActiveCfg = Release|Any CPU
		{042050BA-C709-4F07-9C28-E82408068627}.Release|Any CPU.Build.0 = Release|Any CPU
		{042050BA-C709-4F07-9C28-E82408068627}.Release|Mixed Platforms.ActiveCfg = Release|Any CPU
		{042050BA-C709-4F07-9C28-E82408068627}.Release|Mixed Platforms.Build.0 = Release|Any CPU
		{042050BA-C709-4F07-9C28-E82408068627}.Release|x86.ActiveCfg = Release|Any CPU
		{391FD2BC-DB2E-43F1-A151-FCAE2BFF4DBF}.Debug|Any CPU.ActiveCfg = Debug|x86
		{391FD2BC-DB2E-43F1-A151-FCAE2BFF4DBF}.Debug|Mixed Platforms.ActiveCfg = Debug|x86
		{391FD2BC-DB2E-43F1-A151-FCAE2BFF4DBF}.Debug|Mixed Platforms.Build.0 = Debug|x86
		{391FD2BC-DB2E-43F1-A151-FCAE2BFF4DBF}.Debug|x86.ActiveCfg = Debug|x86
		{391FD2BC-DB2E-43F1-A151-FCAE2BFF4DBF}.Debug|x86.Build.0 = Debug|x86
		{391FD2BC-DB2E-43F1-A151-FCAE2BFF4DBF}.Release|Any CPU.ActiveCfg = Release|x86
		{391FD2BC-DB2E-43F1-A151-FCAE2BFF4DBF}.Release|Mixed Platforms.ActiveCfg = Release|x86
		{391FD2BC-DB2E-43F1-A151-FCAE2BFF4DBF}.Release|Mixed Platforms.Build.0 = Release|x86
		{391FD2BC-DB2E-43F1-A151-FCAE2BFF4DBF}.Release|x86.ActiveCfg = Release|x86
		{391FD2BC-DB2E-43F1-A151-FCAE2BFF4DBF}.Release|x86.Build.0 = Release|x86
	EndGlobalSection
	GlobalSection(SolutionProperties) = preSolution
		HideSolutionNode = FALSE
	EndGlobalSection
EndGlobal
