
Microsoft Visual Studio Solution File, Format Version 11.00
# Visual C# Express 2010
Project("{FAE04EC0-301F-11D3-BF4B-00C04F79EFBC}") = "Aula05", "Aula05\Aula05.csproj", "{EE917857-B300-47F7-8891-68C9EC7D4C0D}"
EndProject
Project("{FAE04EC0-301F-11D3-BF4B-00C04F79EFBC}") = "Aula06", "Aula06\Aula06.csproj", "{79FF9626-6E2F-42E8-A9DC-F23EA5877C94}"
EndProject
Project("{FAE04EC0-301F-11D3-BF4B-00C04F79EFBC}") = "Aula07", "Aula07\Aula07.csproj", "{8E5A6865-8615-49CD-94BA-C22D94BC66B4}"
EndProject
Project("{FAE04EC0-301F-11D3-BF4B-00C04F79EFBC}") = "Aula08", "Aula08\Aula08.csproj", "{BB0A3B6B-4918-49E7-AED3-18BA42166059}"
EndProject
Project("{FAE04EC0-301F-11D3-BF4B-00C04F79EFBC}") = "Aula10", "Aula10\Aula10.csproj", "{687C756B-FFA2-4DE5-9D2D-C3DC1320EB83}"
EndProject
Project("{FAE04EC0-301F-11D3-BF4B-00C04F79EFBC}") = "Testes", "Testes\Testes.csproj", "{6634F4A1-FB44-4198-B08C-AFE70FF5B6F7}"
EndProject
Global
	GlobalSection(SolutionConfigurationPlatforms) = preSolution
		Debug|x86 = Debug|x86
		Release|x86 = Release|x86
	EndGlobalSection
	GlobalSection(ProjectConfigurationPlatforms) = postSolution
		{EE917857-B300-47F7-8891-68C9EC7D4C0D}.Debug|x86.ActiveCfg = Debug|x86
		{EE917857-B300-47F7-8891-68C9EC7D4C0D}.Debug|x86.Build.0 = Debug|x86
		{EE917857-B300-47F7-8891-68C9EC7D4C0D}.Release|x86.ActiveCfg = Release|x86
		{EE917857-B300-47F7-8891-68C9EC7D4C0D}.Release|x86.Build.0 = Release|x86
		{79FF9626-6E2F-42E8-A9DC-F23EA5877C94}.Debug|x86.ActiveCfg = Debug|x86
		{79FF9626-6E2F-42E8-A9DC-F23EA5877C94}.Debug|x86.Build.0 = Debug|x86
		{79FF9626-6E2F-42E8-A9DC-F23EA5877C94}.Release|x86.ActiveCfg = Release|x86
		{79FF9626-6E2F-42E8-A9DC-F23EA5877C94}.Release|x86.Build.0 = Release|x86
		{8E5A6865-8615-49CD-94BA-C22D94BC66B4}.Debug|x86.ActiveCfg = Debug|x86
		{8E5A6865-8615-49CD-94BA-C22D94BC66B4}.Debug|x86.Build.0 = Debug|x86
		{8E5A6865-8615-49CD-94BA-C22D94BC66B4}.Release|x86.ActiveCfg = Release|x86
		{8E5A6865-8615-49CD-94BA-C22D94BC66B4}.Release|x86.Build.0 = Release|x86
		{BB0A3B6B-4918-49E7-AED3-18BA42166059}.Debug|x86.ActiveCfg = Debug|x86
		{BB0A3B6B-4918-49E7-AED3-18BA42166059}.Debug|x86.Build.0 = Debug|x86
		{BB0A3B6B-4918-49E7-AED3-18BA42166059}.Release|x86.ActiveCfg = Release|x86
		{BB0A3B6B-4918-49E7-AED3-18BA42166059}.Release|x86.Build.0 = Release|x86
		{687C756B-FFA2-4DE5-9D2D-C3DC1320EB83}.Debug|x86.ActiveCfg = Debug|x86
		{687C756B-FFA2-4DE5-9D2D-C3DC1320EB83}.Debug|x86.Build.0 = Debug|x86
		{687C756B-FFA2-4DE5-9D2D-C3DC1320EB83}.Release|x86.ActiveCfg = Release|x86
		{687C756B-FFA2-4DE5-9D2D-C3DC1320EB83}.Release|x86.Build.0 = Release|x86
		{6634F4A1-FB44-4198-B08C-AFE70FF5B6F7}.Debug|x86.ActiveCfg = Debug|x86
		{6634F4A1-FB44-4198-B08C-AFE70FF5B6F7}.Debug|x86.Build.0 = Debug|x86
		{6634F4A1-FB44-4198-B08C-AFE70FF5B6F7}.Release|x86.ActiveCfg = Release|x86
		{6634F4A1-FB44-4198-B08C-AFE70FF5B6F7}.Release|x86.Build.0 = Release|x86
	EndGlobalSection
	GlobalSection(SolutionProperties) = preSolution
		HideSolutionNode = FALSE
	EndGlobalSection
EndGlobal
